// !$*UTF8*$!
{
	archiveVersion = 1;
	classes = {
	};
	objectVersion = 77;
	objects = {

/* Begin PBXContainerItemProxy section */
		F446AFD22E0E9B7800B74878 /* PBXContainerItemProxy */ = {
			isa = PBXContainerItemProxy;
			containerPortal = F446AFBC2E0E9B7600B74878 /* Project object */;
			proxyType = 1;
			remoteGlobalIDString = F446AFC32E0E9B7600B74878;
			remoteInfo = "ios-base-new";
		};
		F446AFDC2E0E9B7800B74878 /* PBXContainerItemProxy */ = {
			isa = PBXContainerItemProxy;
			containerPortal = F446AFBC2E0E9B7600B74878 /* Project object */;
			proxyType = 1;
			remoteGlobalIDString = F446AFC32E0E9B7600B74878;
			remoteInfo = "ios-base-new";
		};
/* End PBXContainerItemProxy section */

/* Begin PBXFileReference section */
		F446AFC42E0E9B7600B74878 /* ios-base-new.app */ = {isa = PBXFileReference; explicitFileType = wrapper.application; includeInIndex = 0; path = "ios-base-new.app"; sourceTree = BUILT_PRODUCTS_DIR; };
		F446AFD12E0E9B7800B74878 /* ios-base-newTests.xctest */ = {isa = PBXFileReference; explicitFileType = wrapper.cfbundle; includeInIndex = 0; path = "ios-base-newTests.xctest"; sourceTree = BUILT_PRODUCTS_DIR; };
		F446AFDB2E0E9B7800B74878 /* ios-base-newUITests.xctest */ = {isa = PBXFileReference; explicitFileType = wrapper.cfbundle; includeInIndex = 0; path = "ios-base-newUITests.xctest"; sourceTree = BUILT_PRODUCTS_DIR; };
/* End PBXFileReference section */

/* Begin PBXFileSystemSynchronizedBuildFileExceptionSet section */
		F4F04EE22E25B92600D3DBD1 /* Exceptions for "ios-base-new" folder in "ios-base-new" target */ = {
			isa = PBXFileSystemSynchronizedBuildFileExceptionSet;
			membershipExceptions = (
				Info.plist,
			);
			target = F446AFC32E0E9B7600B74878 /* ios-base-new */;
		};
/* End PBXFileSystemSynchronizedBuildFileExceptionSet section */

/* Begin PBXFileSystemSynchronizedRootGroup section */
		F446AFC62E0E9B7600B74878 /* ios-base-new */ = {
			isa = PBXFileSystemSynchronizedRootGroup;
			exceptions = (
				F4F04EE22E25B92600D3DBD1 /* Exceptions for "ios-base-new" folder in "ios-base-new" target */,
			);
			path = "ios-base-new";
			sourceTree = "<group>";
		};
		F446AFD42E0E9B7800B74878 /* ios-base-newTests */ = {
			isa = PBXFileSystemSynchronizedRootGroup;
			path = "ios-base-newTests";
			sourceTree = "<group>";
		};
		F446AFDE2E0E9B7800B74878 /* ios-base-newUITests */ = {
			isa = PBXFileSystemSynchronizedRootGroup;
			path = "ios-base-newUITests";
			sourceTree = "<group>";
		};
/* End PBXFileSystemSynchronizedRootGroup section */

/* Begin PBXFrameworksBuildPhase section */
		F446AFC12E0E9B7600B74878 /* Frameworks */ = {
			isa = PBXFrameworksBuildPhase;
			buildActionMask = 2147483647;
			files = (
			);
			runOnlyForDeploymentPostprocessing = 0;
		};
		F446AFCE2E0E9B7800B74878 /* Frameworks */ = {
			isa = PBXFrameworksBuildPhase;
			buildActionMask = 2147483647;
			files = (
			);
			runOnlyForDeploymentPostprocessing = 0;
		};
		F446AFD82E0E9B7800B74878 /* Frameworks */ = {
			isa = PBXFrameworksBuildPhase;
			buildActionMask = 2147483647;
			files = (
			);
			runOnlyForDeploymentPostprocessing = 0;
		};
/* End PBXFrameworksBuildPhase section */

/* Begin PBXGroup section */
		F446AFBB2E0E9B7600B74878 = {
			isa = PBXGroup;
			children = (
				F446AFC62E0E9B7600B74878 /* ios-base-new */,
				F446AFD42E0E9B7800B74878 /* ios-base-newTests */,
				F446AFDE2E0E9B7800B74878 /* ios-base-newUITests */,
				F446AFC52E0E9B7600B74878 /* Products */,
			);
			sourceTree = "<group>";
		};
		F446AFC52E0E9B7600B74878 /* Products */ = {
			isa = PBXGroup;
			children = (
				F446AFC42E0E9B7600B74878 /* ios-base-new.app */,
				F446AFD12E0E9B7800B74878 /* ios-base-newTests.xctest */,
				F446AFDB2E0E9B7800B74878 /* ios-base-newUITests.xctest */,
			);
			name = Products;
			sourceTree = "<group>";
		};
/* End PBXGroup section */

/* Begin PBXNativeTarget section */
		F446AFC32E0E9B7600B74878 /* ios-base-new */ = {
			isa = PBXNativeTarget;
			buildConfigurationList = F446AFE52E0E9B7800B74878 /* Build configuration list for PBXNativeTarget "ios-base-new" */;
			buildPhases = (
				F446AFC02E0E9B7600B74878 /* Sources */,
				F446AFC12E0E9B7600B74878 /* Frameworks */,
				F446AFC22E0E9B7600B74878 /* Resources */,
			);
			buildRules = (
			);
			dependencies = (
			);
			fileSystemSynchronizedGroups = (
				F446AFC62E0E9B7600B74878 /* ios-base-new */,
			);
			name = "ios-base-new";
			packageProductDependencies = (
			);
			productName = "ios-base-new";
			productReference = F446AFC42E0E9B7600B74878 /* ios-base-new.app */;
			productType = "com.apple.product-type.application";
		};
		F446AFD02E0E9B7800B74878 /* ios-base-newTests */ = {
			isa = PBXNativeTarget;
			buildConfigurationList = F446AFE82E0E9B7800B74878 /* Build configuration list for PBXNativeTarget "ios-base-newTests" */;
			buildPhases = (
				F446AFCD2E0E9B7800B74878 /* Sources */,
				F446AFCE2E0E9B7800B74878 /* Frameworks */,
				F446AFCF2E0E9B7800B74878 /* Resources */,
			);
			buildRules = (
			);
			dependencies = (
				F446AFD32E0E9B7800B74878 /* PBXTargetDependency */,
			);
			fileSystemSynchronizedGroups = (
				F446AFD42E0E9B7800B74878 /* ios-base-newTests */,
			);
			name = "ios-base-newTests";
			packageProductDependencies = (
			);
			productName = "ios-base-newTests";
			productReference = F446AFD12E0E9B7800B74878 /* ios-base-newTests.xctest */;
			productType = "com.apple.product-type.bundle.unit-test";
		};
		F446AFDA2E0E9B7800B74878 /* ios-base-newUITests */ = {
			isa = PBXNativeTarget;
			buildConfigurationList = F446AFEB2E0E9B7800B74878 /* Build configuration list for PBXNativeTarget "ios-base-newUITests" */;
			buildPhases = (
				F446AFD72E0E9B7800B74878 /* Sources */,
				F446AFD82E0E9B7800B74878 /* Frameworks */,
				F446AFD92E0E9B7800B74878 /* Resources */,
			);
			buildRules = (
			);
			dependencies = (
				F446AFDD2E0E9B7800B74878 /* PBXTargetDependency */,
			);
			fileSystemSynchronizedGroups = (
				F446AFDE2E0E9B7800B74878 /* ios-base-newUITests */,
			);
			name = "ios-base-newUITests";
			packageProductDependencies = (
			);
			productName = "ios-base-newUITests";
			productReference = F446AFDB2E0E9B7800B74878 /* ios-base-newUITests.xctest */;
			productType = "com.apple.product-type.bundle.ui-testing";
		};
/* End PBXNativeTarget section */

/* Begin PBXProject section */
		F446AFBC2E0E9B7600B74878 /* Project object */ = {
			isa = PBXProject;
			attributes = {
				BuildIndependentTargetsInParallel = 1;
				LastSwiftUpdateCheck = 1630;
				LastUpgradeCheck = 1630;
				TargetAttributes = {
					F446AFC32E0E9B7600B74878 = {
						CreatedOnToolsVersion = 16.3;
					};
					F446AFD02E0E9B7800B74878 = {
						CreatedOnToolsVersion = 16.3;
						TestTargetID = F446AFC32E0E9B7600B74878;
					};
					F446AFDA2E0E9B7800B74878 = {
						CreatedOnToolsVersion = 16.3;
						TestTargetID = F446AFC32E0E9B7600B74878;
					};
				};
			};
			buildConfigurationList = F446AFBF2E0E9B7600B74878 /* Build configuration list for PBXProject "ios-base-new" */;
			developmentRegion = en;
			hasScannedForEncodings = 0;
			knownRegions = (
				en,
				Base,
			);
			mainGroup = F446AFBB2E0E9B7600B74878;
			minimizedProjectReferenceProxies = 1;
			preferredProjectObjectVersion = 77;
			productRefGroup = F446AFC52E0E9B7600B74878 /* Products */;
			projectDirPath = "";
			projectRoot = "";
			targets = (
				F446AFC32E0E9B7600B74878 /* ios-base-new */,
				F446AFD02E0E9B7800B74878 /* ios-base-newTests */,
				F446AFDA2E0E9B7800B74878 /* ios-base-newUITests */,
			);
		};
/* End PBXProject section */

/* Begin PBXResourcesBuildPhase section */
		F446AFC22E0E9B7600B74878 /* Resources */ = {
			isa = PBXResourcesBuildPhase;
			buildActionMask = 2147483647;
			files = (
			);
			runOnlyForDeploymentPostprocessing = 0;
		};
		F446AFCF2E0E9B7800B74878 /* Resources */ = {
			isa = PBXResourcesBuildPhase;
			buildActionMask = 2147483647;
			files = (
			);
			runOnlyForDeploymentPostprocessing = 0;
		};
		F446AFD92E0E9B7800B74878 /* Resources */ = {
			isa = PBXResourcesBuildPhase;
			buildActionMask = 2147483647;
			files = (
			);
			runOnlyForDeploymentPostprocessing = 0;
		};
/* End PBXResourcesBuildPhase section */

/* Begin PBXSourcesBuildPhase section */
		F446AFC02E0E9B7600B74878 /* Sources */ = {
			isa = PBXSourcesBuildPhase;
			buildActionMask = 2147483647;
			files = (
			);
			runOnlyForDeploymentPostprocessing = 0;
		};
		F446AFCD2E0E9B7800B74878 /* Sources */ = {
			isa = PBXSourcesBuildPhase;
			buildActionMask = 2147483647;
			files = (
			);
			runOnlyForDeploymentPostprocessing = 0;
		};
		F446AFD72E0E9B7800B74878 /* Sources */ = {
			isa = PBXSourcesBuildPhase;
			buildActionMask = 2147483647;
			files = (
			);
			runOnlyForDeploymentPostprocessing = 0;
		};
/* End PBXSourcesBuildPhase section */

/* Begin PBXTargetDependency section */
		F446AFD32E0E9B7800B74878 /* PBXTargetDependency */ = {
			isa = PBXTargetDependency;
			target = F446AFC32E0E9B7600B74878 /* ios-base-new */;
			targetProxy = F446AFD22E0E9B7800B74878 /* PBXContainerItemProxy */;
		};
		F446AFDD2E0E9B7800B74878 /* PBXTargetDependency */ = {
			isa = PBXTargetDependency;
			target = F446AFC32E0E9B7600B74878 /* ios-base-new */;
			targetProxy = F446AFDC2E0E9B7800B74878 /* PBXContainerItemProxy */;
		};
/* End PBXTargetDependency section */

/* Begin XCBuildConfiguration section */
		F446AFE32E0E9B7800B74878 /* Debug */ = {
			isa = XCBuildConfiguration;
			buildSettings = {
				ALWAYS_SEARCH_USER_PATHS = NO;
				ASSETCATALOG_COMPILER_GENERATE_SWIFT_ASSET_SYMBOL_EXTENSIONS = YES;
				CLANG_ANALYZER_NONNULL = YES;
				CLANG_ANALYZER_NUMBER_OBJECT_CONVERSION = YES_AGGRESSIVE;
				CLANG_CXX_LANGUAGE_STANDARD = "gnu++20";
				CLANG_ENABLE_MODULES = YES;
				CLANG_ENABLE_OBJC_ARC = YES;
				CLANG_ENABLE_OBJC_WEAK = YES;
				CLANG_WARN_BLOCK_CAPTURE_AUTORELEASING = YES;
				CLANG_WARN_BOOL_CONVERSION = YES;
				CLANG_WARN_COMMA = YES;
				CLANG_WARN_CONSTANT_CONVERSION = YES;
				CLANG_WARN_DEPRECATED_OBJC_IMPLEMENTATIONS = YES;
				CLANG_WARN_DIRECT_OBJC_ISA_USAGE = YES_ERROR;
				CLANG_WARN_DOCUMENTATION_COMMENTS = YES;
				CLANG_WARN_EMPTY_BODY = YES;
				CLANG_WARN_ENUM_CONVERSION = YES;
				CLANG_WARN_INFINITE_RECURSION = YES;
				CLANG_WARN_INT_CONVERSION = YES;
				CLANG_WARN_NON_LITERAL_NULL_CONVERSION = YES;
				CLANG_WARN_OBJC_IMPLICIT_RETAIN_SELF = YES;
				CLANG_WARN_OBJC_LITERAL_CONVERSION = YES;
				CLANG_WARN_OBJC_ROOT_CLASS = YES_ERROR;
				CLANG_WARN_QUOTED_INCLUDE_IN_FRAMEWORK_HEADER = YES;
				CLANG_WARN_RANGE_LOOP_ANALYSIS = YES;
				CLANG_WARN_STRICT_PROTOTYPES = YES;
				CLANG_WARN_SUSPICIOUS_MOVE = YES;
				CLANG_WARN_UNGUARDED_AVAILABILITY = YES_AGGRESSIVE;
				CLANG_WARN_UNREACHABLE_CODE = YES;
				CLANG_WARN__DUPLICATE_METHOD_MATCH = YES;
				COPY_PHASE_STRIP = NO;
				DEBUG_INFORMATION_FORMAT = dwarf;
				DEVELOPMENT_TEAM = 247D5GB785;
				ENABLE_STRICT_OBJC_MSGSEND = YES;
				ENABLE_TESTABILITY = YES;
				ENABLE_USER_SCRIPT_SANDBOXING = YES;
				GCC_C_LANGUAGE_STANDARD = gnu17;
				GCC_DYNAMIC_NO_PIC = NO;
				GCC_NO_COMMON_BLOCKS = YES;
				GCC_OPTIMIZATION_LEVEL = 0;
				GCC_PREPROCESSOR_DEFINITIONS = (
					"DEBUG=1",
					"$(inherited)",
				);
				GCC_WARN_64_TO_32_BIT_CONVERSION = YES;
				GCC_WARN_ABOUT_RETURN_TYPE = YES_ERROR;
				GCC_WARN_UNDECLARED_SELECTOR = YES;
				GCC_WARN_UNINITIALIZED_AUTOS = YES_AGGRESSIVE;
				GCC_WARN_UNUSED_FUNCTION = YES;
				GCC_WARN_UNUSED_VARIABLE = YES;
				IPHONEOS_DEPLOYMENT_TARGET = 18.4;
				LOCALIZATION_PREFERS_STRING_CATALOGS = YES;
				MTL_ENABLE_DEBUG_INFO = INCLUDE_SOURCE;
				MTL_FAST_MATH = YES;
				ONLY_ACTIVE_ARCH = YES;
				SDKROOT = iphoneos;
				SWIFT_ACTIVE_COMPILATION_CONDITIONS = "DEBUG $(inherited)";
				SWIFT_OPTIMIZATION_LEVEL = "-Onone";
			};
			name = Debug;
		};
		F446AFE42E0E9B7800B74878 /* Release */ = {
			isa = XCBuildConfiguration;
			buildSettings = {
				ALWAYS_SEARCH_USER_PATHS = NO;
				ASSETCATALOG_COMPILER_GENERATE_SWIFT_ASSET_SYMBOL_EXTENSIONS = YES;
				CLANG_ANALYZER_NONNULL = YES;
				CLANG_ANALYZER_NUMBER_OBJECT_CONVERSION = YES_AGGRESSIVE;
				CLANG_CXX_LANGUAGE_STANDARD = "gnu++20";
				CLANG_ENABLE_MODULES = YES;
				CLANG_ENABLE_OBJC_ARC = YES;
				CLANG_ENABLE_OBJC_WEAK = YES;
				CLANG_WARN_BLOCK_CAPTURE_AUTORELEASING = YES;
				CLANG_WARN_BOOL_CONVERSION = YES;
				CLANG_WARN_COMMA = YES;
				CLANG_WARN_CONSTANT_CONVERSION = YES;
				CLANG_WARN_DEPRECATED_OBJC_IMPLEMENTATIONS = YES;
				CLANG_WARN_DIRECT_OBJC_ISA_USAGE = YES_ERROR;
				CLANG_WARN_DOCUMENTATION_COMMENTS = YES;
				CLANG_WARN_EMPTY_BODY = YES;
				CLANG_WARN_ENUM_CONVERSION = YES;
				CLANG_WARN_INFINITE_RECURSION = YES;
				CLANG_WARN_INT_CONVERSION = YES;
				CLANG_WARN_NON_LITERAL_NULL_CONVERSION = YES;
				CLANG_WARN_OBJC_IMPLICIT_RETAIN_SELF = YES;
				CLANG_WARN_OBJC_LITERAL_CONVERSION = YES;
				CLANG_WARN_OBJC_ROOT_CLASS = YES_ERROR;
				CLANG_WARN_QUOTED_INCLUDE_IN_FRAMEWORK_HEADER = YES;
				CLANG_WARN_RANGE_LOOP_ANALYSIS = YES;
				CLANG_WARN_STRICT_PROTOTYPES = YES;
				CLANG_WARN_SUSPICIOUS_MOVE = YES;
				CLANG_WARN_UNGUARDED_AVAILABILITY = YES_AGGRESSIVE;
				CLANG_WARN_UNREACHABLE_CODE = YES;
				CLANG_WARN__DUPLICATE_METHOD_MATCH = YES;
				COPY_PHASE_STRIP = NO;
				DEBUG_INFORMATION_FORMAT = "dwarf-with-dsym";
				DEVELOPMENT_TEAM = 247D5GB785;
				ENABLE_NS_ASSERTIONS = NO;
				ENABLE_STRICT_OBJC_MSGSEND = YES;
				ENABLE_USER_SCRIPT_SANDBOXING = YES;
				GCC_C_LANGUAGE_STANDARD = gnu17;
				GCC_NO_COMMON_BLOCKS = YES;
				GCC_WARN_64_TO_32_BIT_CONVERSION = YES;
				GCC_WARN_ABOUT_RETURN_TYPE = YES_ERROR;
				GCC_WARN_UNDECLARED_SELECTOR = YES;
				GCC_WARN_UNINITIALIZED_AUTOS = YES_AGGRESSIVE;
				GCC_WARN_UNUSED_FUNCTION = YES;
				GCC_WARN_UNUSED_VARIABLE = YES;
				IPHONEOS_DEPLOYMENT_TARGET = 18.4;
				LOCALIZATION_PREFERS_STRING_CATALOGS = YES;
				MTL_ENABLE_DEBUG_INFO = NO;
				MTL_FAST_MATH = YES;
				SDKROOT = iphoneos;
				SWIFT_COMPILATION_MODE = wholemodule;
				VALIDATE_PRODUCT = YES;
			};
			name = Release;
		};
		F446AFE62E0E9B7800B74878 /* Debug */ = {
			isa = XCBuildConfiguration;
			buildSettings = {
				ASSETCATALOG_COMPILER_APPICON_NAME = AppIcon;
				ASSETCATALOG_COMPILER_GLOBAL_ACCENT_COLOR_NAME = AccentColor;
				CODE_SIGN_STYLE = Automatic;
				CURRENT_PROJECT_VERSION = 1;
				DEVELOPMENT_TEAM = 247D5GB785;
				ENABLE_PREVIEWS = YES;
				GENERATE_INFOPLIST_FILE = YES;
				INFOPLIST_FILE = "ios-base-new/Info.plist";
				INFOPLIST_KEY_UIApplicationSceneManifest_Generation = YES;
				INFOPLIST_KEY_UIApplicationSupportsIndirectInputEvents = YES;
				INFOPLIST_KEY_UILaunchScreen_Generation = YES;
				INFOPLIST_KEY_UISupportedInterfaceOrientations_iPad = "UIInterfaceOrientationPortrait UIInterfaceOrientationPortraitUpsideDown UIInterfaceOrientationLandscapeLeft UIInterfaceOrientationLandscapeRight";
				INFOPLIST_KEY_UISupportedInterfaceOrientations_iPhone = "UIInterfaceOrientationPortrait UIInterfaceOrientationLandscapeLeft UIInterfaceOrientationLandscapeRight";
				LD_RUNPATH_SEARCH_PATHS = (
					"$(inherited)",
					"@executable_path/Frameworks",
				);
				MARKETING_VERSION = 1.0;
				PRODUCT_BUNDLE_IDENTIFIER = "nilusha.ios-base-new";
				PRODUCT_NAME = "$(TARGET_NAME)";
				SWIFT_EMIT_LOC_STRINGS = YES;
				SWIFT_VERSION = 5.0;
				TARGETED_DEVICE_FAMILY = "1,2";
			};
			name = Debug;
		};
		F446AFE72E0E9B7800B74878 /* Release */ = {
			isa = XCBuildConfiguration;
			buildSettings = {
				ASSETCATALOG_COMPILER_APPICON_NAME = AppIcon;
				ASSETCATALOG_COMPILER_GLOBAL_ACCENT_COLOR_NAME = AccentColor;
				CODE_SIGN_STYLE = Automatic;
				CURRENT_PROJECT_VERSION = 1;
				DEVELOPMENT_TEAM = 247D5GB785;
				ENABLE_PREVIEWS = YES;
				GENERATE_INFOPLIST_FILE = YES;
				INFOPLIST_FILE = "ios-base-new/Info.plist";
				INFOPLIST_KEY_UIApplicationSceneManifest_Generation = YES;
				INFOPLIST_KEY_UIApplicationSupportsIndirectInputEvents = YES;
				INFOPLIST_KEY_UILaunchScreen_Generation = YES;
				INFOPLIST_KEY_UISupportedInterfaceOrientations_iPad = "UIInterfaceOrientationPortrait UIInterfaceOrientationPortraitUpsideDown UIInterfaceOrientationLandscapeLeft UIInterfaceOrientationLandscapeRight";
				INFOPLIST_KEY_UISupportedInterfaceOrientations_iPhone = "UIInterfaceOrientationPortrait UIInterfaceOrientationLandscapeLeft UIInterfaceOrientationLandscapeRight";
				LD_RUNPATH_SEARCH_PATHS = (
					"$(inherited)",
					"@executable_path/Frameworks",
				);
				MARKETING_VERSION = 1.0;
				PRODUCT_BUNDLE_IDENTIFIER = "nilusha.ios-base-new";
				PRODUCT_NAME = "$(TARGET_NAME)";
				SWIFT_EMIT_LOC_STRINGS = YES;
				SWIFT_VERSION = 5.0;
				TARGETED_DEVICE_FAMILY = "1,2";
			};
			name = Release;
		};
		F446AFE92E0E9B7800B74878 /* Debug */ = {
			isa = XCBuildConfiguration;
			buildSettings = {
				BUNDLE_LOADER = "$(TEST_HOST)";
				CODE_SIGN_STYLE = Automatic;
				CURRENT_PROJECT_VERSION = 1;
				DEVELOPMENT_TEAM = 247D5GB785;
				GENERATE_INFOPLIST_FILE = YES;
				IPHONEOS_DEPLOYMENT_TARGET = 18.4;
				MARKETING_VERSION = 1.0;
				PRODUCT_BUNDLE_IDENTIFIER = "nilusha.ios-base-newTests";
				PRODUCT_NAME = "$(TARGET_NAME)";
				SWIFT_EMIT_LOC_STRINGS = NO;
				SWIFT_VERSION = 5.0;
				TARGETED_DEVICE_FAMILY = "1,2";
				TEST_HOST = "$(BUILT_PRODUCTS_DIR)/ios-base-new.app/$(BUNDLE_EXECUTABLE_FOLDER_PATH)/ios-base-new";
			};
			name = Debug;
		};
		F446AFEA2E0E9B7800B74878 /* Release */ = {
			isa = XCBuildConfiguration;
			buildSettings = {
				BUNDLE_LOADER = "$(TEST_HOST)";
				CODE_SIGN_STYLE = Automatic;
				CURRENT_PROJECT_VERSION = 1;
				DEVELOPMENT_TEAM = 247D5GB785;
				GENERATE_INFOPLIST_FILE = YES;
				IPHONEOS_DEPLOYMENT_TARGET = 18.4;
				MARKETING_VERSION = 1.0;
				PRODUCT_BUNDLE_IDENTIFIER = "nilusha.ios-base-newTests";
				PRODUCT_NAME = "$(TARGET_NAME)";
				SWIFT_EMIT_LOC_STRINGS = NO;
				SWIFT_VERSION = 5.0;
				TARGETED_DEVICE_FAMILY = "1,2";
				TEST_HOST = "$(BUILT_PRODUCTS_DIR)/ios-base-new.app/$(BUNDLE_EXECUTABLE_FOLDER_PATH)/ios-base-new";
			};
			name = Release;
		};
		F446AFEC2E0E9B7800B74878 /* Debug */ = {
			isa = XCBuildConfiguration;
			buildSettings = {
				CODE_SIGN_STYLE = Automatic;
				CURRENT_PROJECT_VERSION = 1;
				DEVELOPMENT_TEAM = 247D5GB785;
				GENERATE_INFOPLIST_FILE = YES;
				MARKETING_VERSION = 1.0;
				PRODUCT_BUNDLE_IDENTIFIER = "nilusha.ios-base-newUITests";
				PRODUCT_NAME = "$(TARGET_NAME)";
				SWIFT_EMIT_LOC_STRINGS = NO;
				SWIFT_VERSION = 5.0;
				TARGETED_DEVICE_FAMILY = "1,2";
				TEST_TARGET_NAME = "ios-base-new";
			};
			name = Debug;
		};
		F446AFED2E0E9B7800B74878 /* Release */ = {
			isa = XCBuildConfiguration;
			buildSettings = {
				CODE_SIGN_STYLE = Automatic;
				CURRENT_PROJECT_VERSION = 1;
				DEVELOPMENT_TEAM = 247D5GB785;
				GENERATE_INFOPLIST_FILE = YES;
				MARKETING_VERSION = 1.0;
				PRODUCT_BUNDLE_IDENTIFIER = "nilusha.ios-base-newUITests";
				PRODUCT_NAME = "$(TARGET_NAME)";
				SWIFT_EMIT_LOC_STRINGS = NO;
				SWIFT_VERSION = 5.0;
				TARGETED_DEVICE_FAMILY = "1,2";
				TEST_TARGET_NAME = "ios-base-new";
			};
			name = Release;
		};
/* End XCBuildConfiguration section */

/* Begin XCConfigurationList section */
		F446AFBF2E0E9B7600B74878 /* Build configuration list for PBXProject "ios-base-new" */ = {
			isa = XCConfigurationList;
			buildConfigurations = (
				F446AFE32E0E9B7800B74878 /* Debug */,
				F446AFE42E0E9B7800B74878 /* Release */,
			);
			defaultConfigurationIsVisible = 0;
			defaultConfigurationName = Release;
		};
		F446AFE52E0E9B7800B74878 /* Build configuration list for PBXNativeTarget "ios-base-new" */ = {
			isa = XCConfigurationList;
			buildConfigurations = (
				F446AFE62E0E9B7800B74878 /* Debug */,
				F446AFE72E0E9B7800B74878 /* Release */,
			);
			defaultConfigurationIsVisible = 0;
			defaultConfigurationName = Release;
		};
		F446AFE82E0E9B7800B74878 /* Build configuration list for PBXNativeTarget "ios-base-newTests" */ = {
			isa = XCConfigurationList;
			buildConfigurations = (
				F446AFE92E0E9B7800B74878 /* Debug */,
				F446AFEA2E0E9B7800B74878 /* Release */,
			);
			defaultConfigurationIsVisible = 0;
			defaultConfigurationName = Release;
		};
		F446AFEB2E0E9B7800B74878 /* Build configuration list for PBXNativeTarget "ios-base-newUITests" */ = {
			isa = XCConfigurationList;
			buildConfigurations = (
				F446AFEC2E0E9B7800B74878 /* Debug */,
				F446AFED2E0E9B7800B74878 /* Release */,
			);
			defaultConfigurationIsVisible = 0;
			defaultConfigurationName = Release;
		};
/* End XCConfigurationList section */
	};
	rootObject = F446AFBC2E0E9B7600B74878 /* Project object */;
}
